
Microsoft Visual Studio Solution File, Format Version 12.00
# Visual Studio 15
VisualStudioVersion = 15.0.26430.16
MinimumVisualStudioVersion = 10.0.40219.1
Project("{FAE04EC0-301F-11D3-BF4B-00C04F79EFBC}") = "WebApplication_osnove", "WebApplication_osnove\WebApplication_osnove.csproj", "{B49C5249-41F4-4CCF-8C15-9BCCE487D3A3}"
EndProject
Project("{FAE04EC0-301F-11D3-BF4B-00C04F79EFBC}") = "WebFormsPrimjer", "WebFormsPrimjer\WebFormsPrimjer.csproj", "{85EB92C2-D369-4C2A-8475-82B088F083DB}"
EndProject
Project("{FAE04EC0-301F-11D3-BF4B-00C04F79EFBC}") = "HelloWorld", "HelloWorld\HelloWorld.csproj", "{F48337F2-CB7B-4F91-97C0-CB775FD2D89F}"
EndProject
Project("{FAE04EC0-301F-11D3-BF4B-00C04F79EFBC}") = "MVC2_1_1", "MVC2_1_1\MVC2_1_1.csproj", "{17141BFF-9106-40AD-89E4-4CFBAC4A9296}"
EndProject
Project("{FAE04EC0-301F-11D3-BF4B-00C04F79EFBC}") = "MVC3_1_1", "MVC3_1_1\MVC3_1_1.csproj", "{799E890B-DA22-406E-92AE-FDB93DD8D76D}"
EndProject
Project("{FAE04EC0-301F-11D3-BF4B-00C04F79EFBC}") = "4.1.1_broj_godina", "4.1.1_broj_godina\4.1.1_broj_godina.csproj", "{D362285D-46A3-4B7C-A51C-EFBA6911C7DF}"
EndProject
Project("{FAE04EC0-301F-11D3-BF4B-00C04F79EFBC}") = "4.2.1_narudzba", "4.2.1_narudzba\4.2.1_narudzba.csproj", "{FE31C0BD-4975-4E07-B8B9-8332173922B2}"
EndProject
Project("{FAE04EC0-301F-11D3-BF4B-00C04F79EFBC}") = "5_3_vj", "5_3_vj\5_3_vj.csproj", "{043B579A-ACF8-47E9-87E0-945E80BC13AA}"
EndProject
Project("{FAE04EC0-301F-11D3-BF4B-00C04F79EFBC}") = "zad5_5_1", "zad5_5_1\zad5_5_1.csproj", "{5C51C537-CDC5-43B3-8673-28595DC7B39B}"
EndProject
Project("{FAE04EC0-301F-11D3-BF4B-00C04F79EFBC}") = "zad6_1_1", "zad6_1_1\zad6_1_1.csproj", "{C8592CCC-05ED-427E-8F7E-7F531333AC15}"
EndProject
Project("{FAE04EC0-301F-11D3-BF4B-00C04F79EFBC}") = "zad6_2", "zad6_2\zad6_2.csproj", "{07811831-CF86-474B-B782-488AB6D7F852}"
EndProject
Project("{FAE04EC0-301F-11D3-BF4B-00C04F79EFBC}") = "Validacije", "Validacije\Validacije.csproj", "{5E65FE8F-4A77-4A7E-BC77-10FEE6FE8C65}"
EndProject
Project("{FAE04EC0-301F-11D3-BF4B-00C04F79EFBC}") = "Adonet_spajanje_na_bazu1", "Adonet_spajanje_na_bazu1\Adonet_spajanje_na_bazu1.csproj", "{F62DF13C-63B7-4BAD-8F71-B2C9210D8E00}"
EndProject
Project("{FAE04EC0-301F-11D3-BF4B-00C04F79EFBC}") = "ADO_NET_Komponente", "ADO_NET_Komponente\ADO_NET_Komponente.csproj", "{3E3C7A78-B5FF-43E2-A8ED-25C2CCAED1A9}"
EndProject
Project("{FAE04EC0-301F-11D3-BF4B-00C04F79EFBC}") = "Adresar", "Adresar\Adresar.csproj", "{0532B569-663E-43E4-9523-EF0EF1EFEEA0}"
	ProjectSection(ProjectDependencies) = postProject
		{6BBAF838-3C7A-42D7-BA36-1F516537A73A} = {6BBAF838-3C7A-42D7-BA36-1F516537A73A}
	EndProjectSection
EndProject
Project("{FAE04EC0-301F-11D3-BF4B-00C04F79EFBC}") = "8_4_WebShop", "8_4_WebShop\8_4_WebShop.csproj", "{5FC6FE23-9322-42A8-B1B9-67A689EED074}"
EndProject
Project("{FAE04EC0-301F-11D3-BF4B-00C04F79EFBC}") = "Adresar.WcfService", "Adresar.WcfService\Adresar.WcfService.csproj", "{6BBAF838-3C7A-42D7-BA36-1F516537A73A}"
EndProject
Project("{FAE04EC0-301F-11D3-BF4B-00C04F79EFBC}") = "Poklon1", "Poklon1\Poklon1.csproj", "{8D5B8E00-0518-4423-962B-F50C3628DCA2}"
EndProject
Global
	GlobalSection(SolutionConfigurationPlatforms) = preSolution
		Debug|Any CPU = Debug|Any CPU
		Release|Any CPU = Release|Any CPU
	EndGlobalSection
	GlobalSection(ProjectConfigurationPlatforms) = postSolution
		{B49C5249-41F4-4CCF-8C15-9BCCE487D3A3}.Debug|Any CPU.ActiveCfg = Debug|Any CPU
		{B49C5249-41F4-4CCF-8C15-9BCCE487D3A3}.Debug|Any CPU.Build.0 = Debug|Any CPU
		{B49C5249-41F4-4CCF-8C15-9BCCE487D3A3}.Release|Any CPU.ActiveCfg = Release|Any CPU
		{B49C5249-41F4-4CCF-8C15-9BCCE487D3A3}.Release|Any CPU.Build.0 = Release|Any CPU
		{85EB92C2-D369-4C2A-8475-82B088F083DB}.Debug|Any CPU.ActiveCfg = Debug|Any CPU
		{85EB92C2-D369-4C2A-8475-82B088F083DB}.Debug|Any CPU.Build.0 = Debug|Any CPU
		{85EB92C2-D369-4C2A-8475-82B088F083DB}.Release|Any CPU.ActiveCfg = Release|Any CPU
		{85EB92C2-D369-4C2A-8475-82B088F083DB}.Release|Any CPU.Build.0 = Release|Any CPU
		{F48337F2-CB7B-4F91-97C0-CB775FD2D89F}.Debug|Any CPU.ActiveCfg = Debug|Any CPU
		{F48337F2-CB7B-4F91-97C0-CB775FD2D89F}.Debug|Any CPU.Build.0 = Debug|Any CPU
		{F48337F2-CB7B-4F91-97C0-CB775FD2D89F}.Release|Any CPU.ActiveCfg = Release|Any CPU
		{F48337F2-CB7B-4F91-97C0-CB775FD2D89F}.Release|Any CPU.Build.0 = Release|Any CPU
		{17141BFF-9106-40AD-89E4-4CFBAC4A9296}.Debug|Any CPU.ActiveCfg = Debug|Any CPU
		{17141BFF-9106-40AD-89E4-4CFBAC4A9296}.Debug|Any CPU.Build.0 = Debug|Any CPU
		{17141BFF-9106-40AD-89E4-4CFBAC4A9296}.Release|Any CPU.ActiveCfg = Release|Any CPU
		{17141BFF-9106-40AD-89E4-4CFBAC4A9296}.Release|Any CPU.Build.0 = Release|Any CPU
		{799E890B-DA22-406E-92AE-FDB93DD8D76D}.Debug|Any CPU.ActiveCfg = Debug|Any CPU
		{799E890B-DA22-406E-92AE-FDB93DD8D76D}.Debug|Any CPU.Build.0 = Debug|Any CPU
		{799E890B-DA22-406E-92AE-FDB93DD8D76D}.Release|Any CPU.ActiveCfg = Release|Any CPU
		{799E890B-DA22-406E-92AE-FDB93DD8D76D}.Release|Any CPU.Build.0 = Release|Any CPU
		{D362285D-46A3-4B7C-A51C-EFBA6911C7DF}.Debug|Any CPU.ActiveCfg = Debug|Any CPU
		{D362285D-46A3-4B7C-A51C-EFBA6911C7DF}.Debug|Any CPU.Build.0 = Debug|Any CPU
		{D362285D-46A3-4B7C-A51C-EFBA6911C7DF}.Release|Any CPU.ActiveCfg = Release|Any CPU
		{D362285D-46A3-4B7C-A51C-EFBA6911C7DF}.Release|Any CPU.Build.0 = Release|Any CPU
		{FE31C0BD-4975-4E07-B8B9-8332173922B2}.Debug|Any CPU.ActiveCfg = Debug|Any CPU
		{FE31C0BD-4975-4E07-B8B9-8332173922B2}.Debug|Any CPU.Build.0 = Debug|Any CPU
		{FE31C0BD-4975-4E07-B8B9-8332173922B2}.Release|Any CPU.ActiveCfg = Release|Any CPU
		{FE31C0BD-4975-4E07-B8B9-8332173922B2}.Release|Any CPU.Build.0 = Release|Any CPU
		{043B579A-ACF8-47E9-87E0-945E80BC13AA}.Debug|Any CPU.ActiveCfg = Debug|Any CPU
		{043B579A-ACF8-47E9-87E0-945E80BC13AA}.Debug|Any CPU.Build.0 = Debug|Any CPU
		{043B579A-ACF8-47E9-87E0-945E80BC13AA}.Release|Any CPU.ActiveCfg = Release|Any CPU
		{043B579A-ACF8-47E9-87E0-945E80BC13AA}.Release|Any CPU.Build.0 = Release|Any CPU
		{5C51C537-CDC5-43B3-8673-28595DC7B39B}.Debug|Any CPU.ActiveCfg = Debug|Any CPU
		{5C51C537-CDC5-43B3-8673-28595DC7B39B}.Debug|Any CPU.Build.0 = Debug|Any CPU
		{5C51C537-CDC5-43B3-8673-28595DC7B39B}.Release|Any CPU.ActiveCfg = Release|Any CPU
		{5C51C537-CDC5-43B3-8673-28595DC7B39B}.Release|Any CPU.Build.0 = Release|Any CPU
		{C8592CCC-05ED-427E-8F7E-7F531333AC15}.Debug|Any CPU.ActiveCfg = Debug|Any CPU
		{C8592CCC-05ED-427E-8F7E-7F531333AC15}.Debug|Any CPU.Build.0 = Debug|Any CPU
		{C8592CCC-05ED-427E-8F7E-7F531333AC15}.Release|Any CPU.ActiveCfg = Release|Any CPU
		{C8592CCC-05ED-427E-8F7E-7F531333AC15}.Release|Any CPU.Build.0 = Release|Any CPU
		{07811831-CF86-474B-B782-488AB6D7F852}.Debug|Any CPU.ActiveCfg = Debug|Any CPU
		{07811831-CF86-474B-B782-488AB6D7F852}.Debug|Any CPU.Build.0 = Debug|Any CPU
		{07811831-CF86-474B-B782-488AB6D7F852}.Release|Any CPU.ActiveCfg = Release|Any CPU
		{07811831-CF86-474B-B782-488AB6D7F852}.Release|Any CPU.Build.0 = Release|Any CPU
		{5E65FE8F-4A77-4A7E-BC77-10FEE6FE8C65}.Debug|Any CPU.ActiveCfg = Debug|Any CPU
		{5E65FE8F-4A77-4A7E-BC77-10FEE6FE8C65}.Debug|Any CPU.Build.0 = Debug|Any CPU
		{5E65FE8F-4A77-4A7E-BC77-10FEE6FE8C65}.Release|Any CPU.ActiveCfg = Release|Any CPU
		{5E65FE8F-4A77-4A7E-BC77-10FEE6FE8C65}.Release|Any CPU.Build.0 = Release|Any CPU
		{F62DF13C-63B7-4BAD-8F71-B2C9210D8E00}.Debug|Any CPU.ActiveCfg = Debug|Any CPU
		{F62DF13C-63B7-4BAD-8F71-B2C9210D8E00}.Debug|Any CPU.Build.0 = Debug|Any CPU
		{F62DF13C-63B7-4BAD-8F71-B2C9210D8E00}.Release|Any CPU.ActiveCfg = Release|Any CPU
		{F62DF13C-63B7-4BAD-8F71-B2C9210D8E00}.Release|Any CPU.Build.0 = Release|Any CPU
		{3E3C7A78-B5FF-43E2-A8ED-25C2CCAED1A9}.Debug|Any CPU.ActiveCfg = Debug|Any CPU
		{3E3C7A78-B5FF-43E2-A8ED-25C2CCAED1A9}.Debug|Any CPU.Build.0 = Debug|Any CPU
		{3E3C7A78-B5FF-43E2-A8ED-25C2CCAED1A9}.Release|Any CPU.ActiveCfg = Release|Any CPU
		{3E3C7A78-B5FF-43E2-A8ED-25C2CCAED1A9}.Release|Any CPU.Build.0 = Release|Any CPU
		{0532B569-663E-43E4-9523-EF0EF1EFEEA0}.Debug|Any CPU.ActiveCfg = Debug|Any CPU
		{0532B569-663E-43E4-9523-EF0EF1EFEEA0}.Debug|Any CPU.Build.0 = Debug|Any CPU
		{0532B569-663E-43E4-9523-EF0EF1EFEEA0}.Release|Any CPU.ActiveCfg = Release|Any CPU
		{0532B569-663E-43E4-9523-EF0EF1EFEEA0}.Release|Any CPU.Build.0 = Release|Any CPU
		{5FC6FE23-9322-42A8-B1B9-67A689EED074}.Debug|Any CPU.ActiveCfg = Debug|Any CPU
		{5FC6FE23-9322-42A8-B1B9-67A689EED074}.Debug|Any CPU.Build.0 = Debug|Any CPU
		{5FC6FE23-9322-42A8-B1B9-67A689EED074}.Release|Any CPU.ActiveCfg = Release|Any CPU
		{5FC6FE23-9322-42A8-B1B9-67A689EED074}.Release|Any CPU.Build.0 = Release|Any CPU
		{6BBAF838-3C7A-42D7-BA36-1F516537A73A}.Debug|Any CPU.ActiveCfg = Debug|Any CPU
		{6BBAF838-3C7A-42D7-BA36-1F516537A73A}.Debug|Any CPU.Build.0 = Debug|Any CPU
		{6BBAF838-3C7A-42D7-BA36-1F516537A73A}.Release|Any CPU.ActiveCfg = Release|Any CPU
		{6BBAF838-3C7A-42D7-BA36-1F516537A73A}.Release|Any CPU.Build.0 = Release|Any CPU
		{8D5B8E00-0518-4423-962B-F50C3628DCA2}.Debug|Any CPU.ActiveCfg = Debug|Any CPU
		{8D5B8E00-0518-4423-962B-F50C3628DCA2}.Debug|Any CPU.Build.0 = Debug|Any CPU
		{8D5B8E00-0518-4423-962B-F50C3628DCA2}.Release|Any CPU.ActiveCfg = Release|Any CPU
		{8D5B8E00-0518-4423-962B-F50C3628DCA2}.Release|Any CPU.Build.0 = Release|Any CPU
	EndGlobalSection
	GlobalSection(SolutionProperties) = preSolution
		HideSolutionNode = FALSE
	EndGlobalSection
	GlobalSection(ExtensibilityGlobals) = postSolution
		SolutionGuid = {9645ABE9-CCF0-41EC-B57E-C4C0CC681950}
	EndGlobalSection
EndGlobal
